{
    "_readme": [
        "This file locks the dependencies of your project to a known state",
        "Read more about it at https://getcomposer.org/doc/01-basic-usage.md#composer-lock-the-lock-file",
        "This file is @generated automatically"
    ],
    "hash": "2cdbb57cd302533d1282948ae676fbe3",
    "packages": [
        {
            "name": "gilbitron/php-simplecache",
            "version": "1.4.1",
            "source": {
                "type": "git",
                "url": "https://github.com/gilbitron/PHP-SimpleCache.git",
                "reference": "eb43b12945955428ced0b55d711d57afc6c4c9b3"
            },
            "dist": {
                "type": "zip",
                "url": "https://api.github.com/repos/gilbitron/PHP-SimpleCache/zipball/eb43b12945955428ced0b55d711d57afc6c4c9b3",
                "reference": "eb43b12945955428ced0b55d711d57afc6c4c9b3",
                "shasum": ""
            },
            "require": {
                "php": ">=5.3.0"
            },
            "type": "library",
            "autoload": {
                "psr-4": {
                    "Gilbitron\\Util\\": "src/"
                }
            },
            "notification-url": "https://packagist.org/downloads/",
            "license": [
                "MIT"
            ],
            "authors": [
                {
                    "name": "Gilbert Pellegrom",
                    "email": "gilbert@pellegrom.me",
                    "homepage": "http://gilbert.pellegrom.me"
                }
            ],
            "description": "A simple script for caching 3rd party API calls in PHP.",
            "homepage": "https://github.com/gilbitron/PHP-SimpleCache",
            "keywords": [
                "cache",
                "simplecache"
            ],
            "time": "2014-07-15 09:37:49"
        },
        {
            "name": "google/apiclient",
            "version": "1.0.6-beta",
            "source": {
                "type": "git",
                "url": "https://github.com/google/google-api-php-client.git",
                "reference": "a41a9dc0662e36420030eaab802dbb1f85459479"
            },
            "dist": {
                "type": "zip",
                "url": "https://api.github.com/repos/google/google-api-php-client/zipball/a41a9dc0662e36420030eaab802dbb1f85459479",
                "reference": "a41a9dc0662e36420030eaab802dbb1f85459479",
                "shasum": ""
            },
            "require": {
                "php": ">=5.2.1"
            },
            "require-dev": {
                "phpunit/phpunit": "3.7.*"
            },
            "type": "library",
            "extra": {
                "branch-alias": {
                    "dev-master": "1.0.x-dev"
                }
            },
            "autoload": {
                "classmap": [
                    "src/"
                ]
            },
            "notification-url": "https://packagist.org/downloads/",
            "include-path": [
                "src/"
            ],
            "license": [
                "Apache-2.0"
            ],
            "description": "Client library for Google APIs",
            "homepage": "http://developers.google.com/api-client-library/php",
            "keywords": [
                "google"
            ],
            "time": "2014-09-30 19:33:59"
        }
    ],
    "packages-dev": [],
    "aliases": [],
    "minimum-stability": "stable",
    "stability-flags": {
        "google/apiclient": 10
    },
    "prefer-stable": false,
    "prefer-lowest": false,
    "platform": [],
    "platform-dev": []
}
